Microsoft Visual Studio Solution File, Format Version 12.00
# Visual Studio Version 17
VisualStudioVersion = 17.5.2.0
MinimumVisualStudioVersion = 10.0.40219.1
Project("{FAE04EC0-301F-11D3-BF4B-00C04F79EFBC}") = "Keypass", "Keypass.csproj", "{2055C264-CFFF-9A2A-8925-E350D8C8C291}"
EndProject
Global
	GlobalSection(SolutionConfigurationPlatforms) = preSolution
		Debug|Any CPU = Debug|Any CPU
		Release|Any CPU = Release|Any CPU
	EndGlobalSection
	GlobalSection(ProjectConfigurationPlatforms) = postSolution
		{2055C264-CFFF-9A2A-8925-E350D8C8C291}.Debug|Any CPU.ActiveCfg = Debug|Any CPU
		{2055C264-CFFF-9A2A-8925-E350D8C8C291}.Debug|Any CPU.Build.0 = Debug|Any CPU
		{2055C264-CFFF-9A2A-8925-E350D8C8C291}.Release|Any CPU.ActiveCfg = Release|Any CPU
		{2055C264-CFFF-9A2A-8925-E350D8C8C291}.Release|Any CPU.Build.0 = Release|Any CPU
		{49875579-D096-1C8E-04EB-29C5150194D3}.Debug|Any CPU.ActiveCfg = Debug|Any CPU
		{49875579-D096-1C8E-04EB-29C5150194D3}.Debug|Any CPU.Build.0 = Debug|Any CPU
		{49875579-D096-1C8E-04EB-29C5150194D3}.Release|Any CPU.ActiveCfg = Release|Any CPU
		{49875579-D096-1C8E-04EB-29C5150194D3}.Release|Any CPU.Build.0 = Release|Any CPU
		{65701A60-6EEA-4EE5-5F75-A9A002D11696}.Debug|Any CPU.ActiveCfg = Debug|Any CPU
		{65701A60-6EEA-4EE5-5F75-A9A002D11696}.Debug|Any CPU.Build.0 = Debug|Any CPU
		{65701A60-6EEA-4EE5-5F75-A9A002D11696}.Release|Any CPU.ActiveCfg = Release|Any CPU
		{65701A60-6EEA-4EE5-5F75-A9A002D11696}.Release|Any CPU.Build.0 = Release|Any CPU
	EndGlobalSection
	GlobalSection(SolutionProperties) = preSolution
		HideSolutionNode = FALSE
	EndGlobalSection
	GlobalSection(NestedProjects) = preSolution
		{49875579-D096-1C8E-04EB-29C5150194D3} = {D65D3962-0D66-DD3D-306F-3497310A92CB}
		{65701A60-6EEA-4EE5-5F75-A9A002D11696} = {D65D3962-0D66-DD3D-306F-3497310A92CB}
	EndGlobalSection
	GlobalSection(ExtensibilityGlobals) = postSolution
		SolutionGuid = {A9ED28F8-2CB5-43A7-9191-37CA5171CC0F}
	EndGlobalSection
EndGlobal
